// !$*UTF8*$!
{
	archiveVersion = 1;
	classes = {
	};
	objectVersion = 46;
	objects = {

/* Begin PBXBuildFile section */
		3F3CA4781A1FFC0000C27B31 /* Launch Screen.xib in Resources */ = {isa = PBXBuildFile; fileRef = 3F3CA4771A1FFC0000C27B31 /* Launch Screen.xib */; };
		3F3E49A71A1F107A00BEF70C /* XinGothic.ttf in Resources */ = {isa = PBXBuildFile; fileRef = 3F3E49A61A1F107A00BEF70C /* XinGothic.ttf */; };
		3F4192301A1E3FA3008A8A0F /* DetailViewController.m in Sources */ = {isa = PBXBuildFile; fileRef = 3F41922F1A1E3FA3008A8A0F /* DetailViewController.m */; };
		3F4192331A1E708E008A8A0F /* MapViewController.m in Sources */ = {isa = PBXBuildFile; fileRef = 3F4192321A1E708E008A8A0F /* MapViewController.m */; };
		3F4192361A1E7380008A8A0F /* MarkerAnnotation.m in Sources */ = {isa = PBXBuildFile; fileRef = 3F4192351A1E7380008A8A0F /* MarkerAnnotation.m */; };
		3F4192391A1E7400008A8A0F /* PanelViewOnMap.m in Sources */ = {isa = PBXBuildFile; fileRef = 3F4192381A1E7400008A8A0F /* PanelViewOnMap.m */; };
		3F4C23281A1DA655001C65DF /* main.m in Sources */ = {isa = PBXBuildFile; fileRef = 3F4C23271A1DA655001C65DF /* main.m */; };
		3F4C232B1A1DA655001C65DF /* AppDelegate.m in Sources */ = {isa = PBXBuildFile; fileRef = 3F4C232A1A1DA655001C65DF /* AppDelegate.m */; };
		3F4C23311A1DA655001C65DF /* Main.storyboard in Resources */ = {isa = PBXBuildFile; fileRef = 3F4C232F1A1DA655001C65DF /* Main.storyboard */; };
		3F4C23331A1DA655001C65DF /* Images.xcassets in Resources */ = {isa = PBXBuildFile; fileRef = 3F4C23321A1DA655001C65DF /* Images.xcassets */; };
		3F4C23421A1DA655001C65DF /* __Tests.m in Sources */ = {isa = PBXBuildFile; fileRef = 3F4C23411A1DA655001C65DF /* __Tests.m */; };
		3F4C234D1A1DA69D001C65DF /* HomeViewController.m in Sources */ = {isa = PBXBuildFile; fileRef = 3F4C234C1A1DA69D001C65DF /* HomeViewController.m */; };
		3F4C23501A1DA6EB001C65DF /* NavigationViewController.m in Sources */ = {isa = PBXBuildFile; fileRef = 3F4C234F1A1DA6EB001C65DF /* NavigationViewController.m */; };
		3F4C23531A1DAC36001C65DF /* GetRestaurants.m in Sources */ = {isa = PBXBuildFile; fileRef = 3F4C23521A1DAC36001C65DF /* GetRestaurants.m */; };
		3F4C23561A1DACAF001C65DF /* AlertView.m in Sources */ = {isa = PBXBuildFile; fileRef = 3F4C23551A1DACAF001C65DF /* AlertView.m */; };
		3F4C23591A1DB539001C65DF /* ListItemView.m in Sources */ = {isa = PBXBuildFile; fileRef = 3F4C23581A1DB539001C65DF /* ListItemView.m */; };
		3F8D4B371A2190DC00F0F41F /* ReviewTableViewController.m in Sources */ = {isa = PBXBuildFile; fileRef = 3F8D4B361A2190DC00F0F41F /* ReviewTableViewController.m */; };
		3F8D4B3D1A21AB7900F0F41F /* JSFavStarControl.m in Sources */ = {isa = PBXBuildFile; fileRef = 3F8D4B3C1A21AB7900F0F41F /* JSFavStarControl.m */; };
		3F8D4B401A224EA000F0F41F /* AboutTableViewController.m in Sources */ = {isa = PBXBuildFile; fileRef = 3F8D4B3F1A224EA000F0F41F /* AboutTableViewController.m */; };
		3FDDF7E71A203BF8000ADFEC /* UserTableViewController.m in Sources */ = {isa = PBXBuildFile; fileRef = 3FDDF7E61A203BF8000ADFEC /* UserTableViewController.m */; };
		3FF5C7501A204B42004D2B07 /* SigninTableViewController.m in Sources */ = {isa = PBXBuildFile; fileRef = 3FF5C74F1A204B42004D2B07 /* SigninTableViewController.m */; };
		3FF5C7531A2056B6004D2B07 /* SingupTableViewController.m in Sources */ = {isa = PBXBuildFile; fileRef = 3FF5C7521A2056B6004D2B07 /* SingupTableViewController.m */; };
		933E633587A5083464CBA7FD /* libPods.a in Frameworks */ = {isa = PBXBuildFile; fileRef = 7946F37BB54B65E3DEDDDE0A /* libPods.a */; };
/* End PBXBuildFile section */

/* Begin PBXContainerItemProxy section */
		3F4C233C1A1DA655001C65DF /* PBXContainerItemProxy */ = {
			isa = PBXContainerItemProxy;
			containerPortal = 3F4C231A1A1DA655001C65DF /* Project object */;
			proxyType = 1;
			remoteGlobalIDString = 3F4C23211A1DA655001C65DF;
			remoteInfo = "寻味";
		};
/* End PBXContainerItemProxy section */

/* Begin PBXFileReference section */
		3F3CA4771A1FFC0000C27B31 /* Launch Screen.xib */ = {isa = PBXFileReference; fileEncoding = 4; lastKnownFileType = file.xib; path = "Launch Screen.xib"; sourceTree = "<group>"; };
		3F3E49A61A1F107A00BEF70C /* XinGothic.ttf */ = {isa = PBXFileReference; lastKnownFileType = file; path = XinGothic.ttf; sourceTree = "<group>"; };
		3F41922E1A1E3FA3008A8A0F /* DetailViewController.h */ = {isa = PBXFileReference; fileEncoding = 4; lastKnownFileType = sourcecode.c.h; path = DetailViewController.h; sourceTree = "<group>"; };
		3F41922F1A1E3FA3008A8A0F /* DetailViewController.m */ = {isa = PBXFileReference; fileEncoding = 4; lastKnownFileType = sourcecode.c.objc; path = DetailViewController.m; sourceTree = "<group>"; };
		3F4192311A1E708E008A8A0F /* MapViewController.h */ = {isa = PBXFileReference; fileEncoding = 4; lastKnownFileType = sourcecode.c.h; path = MapViewController.h; sourceTree = "<group>"; };
		3F4192321A1E708E008A8A0F /* MapViewController.m */ = {isa = PBXFileReference; fileEncoding = 4; lastKnownFileType = sourcecode.c.objc; path = MapViewController.m; sourceTree = "<group>"; };
		3F4192341A1E7380008A8A0F /* MarkerAnnotation.h */ = {isa = PBXFileReference; fileEncoding = 4; lastKnownFileType = sourcecode.c.h; path = MarkerAnnotation.h; sourceTree = "<group>"; };
		3F4192351A1E7380008A8A0F /* MarkerAnnotation.m */ = {isa = PBXFileReference; fileEncoding = 4; lastKnownFileType = sourcecode.c.objc; path = MarkerAnnotation.m; sourceTree = "<group>"; };
		3F4192371A1E7400008A8A0F /* PanelViewOnMap.h */ = {isa = PBXFileReference; fileEncoding = 4; lastKnownFileType = sourcecode.c.h; path = PanelViewOnMap.h; sourceTree = "<group>"; };
		3F4192381A1E7400008A8A0F /* PanelViewOnMap.m */ = {isa = PBXFileReference; fileEncoding = 4; lastKnownFileType = sourcecode.c.objc; path = PanelViewOnMap.m; sourceTree = "<group>"; };
		3F4C23221A1DA655001C65DF /* Xunwei.app */ = {isa = PBXFileReference; explicitFileType = wrapper.application; includeInIndex = 0; path = Xunwei.app; sourceTree = BUILT_PRODUCTS_DIR; };
		3F4C23261A1DA655001C65DF /* Info.plist */ = {isa = PBXFileReference; lastKnownFileType = text.plist.xml; path = Info.plist; sourceTree = "<group>"; };
		3F4C23271A1DA655001C65DF /* main.m */ = {isa = PBXFileReference; lastKnownFileType = sourcecode.c.objc; path = main.m; sourceTree = "<group>"; };
		3F4C23291A1DA655001C65DF /* AppDelegate.h */ = {isa = PBXFileReference; lastKnownFileType = sourcecode.c.h; path = AppDelegate.h; sourceTree = "<group>"; };
		3F4C232A1A1DA655001C65DF /* AppDelegate.m */ = {isa = PBXFileReference; lastKnownFileType = sourcecode.c.objc; path = AppDelegate.m; sourceTree = "<group>"; };
		3F4C23301A1DA655001C65DF /* Base */ = {isa = PBXFileReference; lastKnownFileType = file.storyboard; name = Base; path = Base.lproj/Main.storyboard; sourceTree = "<group>"; };
		3F4C23321A1DA655001C65DF /* Images.xcassets */ = {isa = PBXFileReference; lastKnownFileType = folder.assetcatalog; path = Images.xcassets; sourceTree = "<group>"; };
		3F4C233B1A1DA655001C65DF /* XunweiTests.xctest */ = {isa = PBXFileReference; explicitFileType = wrapper.cfbundle; includeInIndex = 0; path = XunweiTests.xctest; sourceTree = BUILT_PRODUCTS_DIR; };
		3F4C23401A1DA655001C65DF /* Info.plist */ = {isa = PBXFileReference; lastKnownFileType = text.plist.xml; path = Info.plist; sourceTree = "<group>"; };
		3F4C23411A1DA655001C65DF /* __Tests.m */ = {isa = PBXFileReference; lastKnownFileType = sourcecode.c.objc; path = __Tests.m; sourceTree = "<group>"; };
		3F4C234B1A1DA69D001C65DF /* HomeViewController.h */ = {isa = PBXFileReference; fileEncoding = 4; lastKnownFileType = sourcecode.c.h; path = HomeViewController.h; sourceTree = "<group>"; };
		3F4C234C1A1DA69D001C65DF /* HomeViewController.m */ = {isa = PBXFileReference; fileEncoding = 4; lastKnownFileType = sourcecode.c.objc; path = HomeViewController.m; sourceTree = "<group>"; };
		3F4C234E1A1DA6EB001C65DF /* NavigationViewController.h */ = {isa = PBXFileReference; fileEncoding = 4; lastKnownFileType = sourcecode.c.h; path = NavigationViewController.h; sourceTree = "<group>"; };
		3F4C234F1A1DA6EB001C65DF /* NavigationViewController.m */ = {isa = PBXFileReference; fileEncoding = 4; lastKnownFileType = sourcecode.c.objc; path = NavigationViewController.m; sourceTree = "<group>"; };
		3F4C23511A1DAC36001C65DF /* GetRestaurants.h */ = {isa = PBXFileReference; fileEncoding = 4; lastKnownFileType = sourcecode.c.h; path = GetRestaurants.h; sourceTree = "<group>"; };
		3F4C23521A1DAC36001C65DF /* GetRestaurants.m */ = {isa = PBXFileReference; fileEncoding = 4; lastKnownFileType = sourcecode.c.objc; path = GetRestaurants.m; sourceTree = "<group>"; };
		3F4C23541A1DACAF001C65DF /* AlertView.h */ = {isa = PBXFileReference; fileEncoding = 4; lastKnownFileType = sourcecode.c.h; path = AlertView.h; sourceTree = "<group>"; };
		3F4C23551A1DACAF001C65DF /* AlertView.m */ = {isa = PBXFileReference; fileEncoding = 4; lastKnownFileType = sourcecode.c.objc; path = AlertView.m; sourceTree = "<group>"; };
		3F4C23571A1DB539001C65DF /* ListItemView.h */ = {isa = PBXFileReference; fileEncoding = 4; lastKnownFileType = sourcecode.c.h; path = ListItemView.h; sourceTree = "<group>"; };
		3F4C23581A1DB539001C65DF /* ListItemView.m */ = {isa = PBXFileReference; fileEncoding = 4; lastKnownFileType = sourcecode.c.objc; path = ListItemView.m; sourceTree = "<group>"; };
		3F8D4B351A2190DC00F0F41F /* ReviewTableViewController.h */ = {isa = PBXFileReference; fileEncoding = 4; lastKnownFileType = sourcecode.c.h; path = ReviewTableViewController.h; sourceTree = "<group>"; };
		3F8D4B361A2190DC00F0F41F /* ReviewTableViewController.m */ = {isa = PBXFileReference; fileEncoding = 4; lastKnownFileType = sourcecode.c.objc; path = ReviewTableViewController.m; sourceTree = "<group>"; };
		3F8D4B3B1A21AB7900F0F41F /* JSFavStarControl.h */ = {isa = PBXFileReference; fileEncoding = 4; lastKnownFileType = sourcecode.c.h; path = JSFavStarControl.h; sourceTree = "<group>"; };
		3F8D4B3C1A21AB7900F0F41F /* JSFavStarControl.m */ = {isa = PBXFileReference; fileEncoding = 4; lastKnownFileType = sourcecode.c.objc; path = JSFavStarControl.m; sourceTree = "<group>"; };
		3F8D4B3E1A224EA000F0F41F /* AboutTableViewController.h */ = {isa = PBXFileReference; fileEncoding = 4; lastKnownFileType = sourcecode.c.h; path = AboutTableViewController.h; sourceTree = "<group>"; };
		3F8D4B3F1A224EA000F0F41F /* AboutTableViewController.m */ = {isa = PBXFileReference; fileEncoding = 4; lastKnownFileType = sourcecode.c.objc; path = AboutTableViewController.m; sourceTree = "<group>"; };
		3FDDF7E51A203BF8000ADFEC /* UserTableViewController.h */ = {isa = PBXFileReference; fileEncoding = 4; lastKnownFileType = sourcecode.c.h; path = UserTableViewController.h; sourceTree = "<group>"; };
		3FDDF7E61A203BF8000ADFEC /* UserTableViewController.m */ = {isa = PBXFileReference; fileEncoding = 4; lastKnownFileType = sourcecode.c.objc; path = UserTableViewController.m; sourceTree = "<group>"; };
		3FF5C74E1A204B42004D2B07 /* SigninTableViewController.h */ = {isa = PBXFileReference; fileEncoding = 4; lastKnownFileType = sourcecode.c.h; path = SigninTableViewController.h; sourceTree = "<group>"; };
		3FF5C74F1A204B42004D2B07 /* SigninTableViewController.m */ = {isa = PBXFileReference; fileEncoding = 4; lastKnownFileType = sourcecode.c.objc; path = SigninTableViewController.m; sourceTree = "<group>"; };
		3FF5C7511A2056B6004D2B07 /* SingupTableViewController.h */ = {isa = PBXFileReference; fileEncoding = 4; lastKnownFileType = sourcecode.c.h; path = SingupTableViewController.h; sourceTree = "<group>"; };
		3FF5C7521A2056B6004D2B07 /* SingupTableViewController.m */ = {isa = PBXFileReference; fileEncoding = 4; lastKnownFileType = sourcecode.c.objc; path = SingupTableViewController.m; sourceTree = "<group>"; };
		526DC519CF9B9E73D80D3EDC /* Pods.release.xcconfig */ = {isa = PBXFileReference; includeInIndex = 1; lastKnownFileType = text.xcconfig; name = Pods.release.xcconfig; path = "Pods/Target Support Files/Pods/Pods.release.xcconfig"; sourceTree = "<group>"; };
		69090481C4AB24F2DFF20078 /* Pods.debug.xcconfig */ = {isa = PBXFileReference; includeInIndex = 1; lastKnownFileType = text.xcconfig; name = Pods.debug.xcconfig; path = "Pods/Target Support Files/Pods/Pods.debug.xcconfig"; sourceTree = "<group>"; };
		7946F37BB54B65E3DEDDDE0A /* libPods.a */ = {isa = PBXFileReference; explicitFileType = archive.ar; includeInIndex = 0; path = libPods.a; sourceTree = BUILT_PRODUCTS_DIR; };
/* End PBXFileReference section */

/* Begin PBXFrameworksBuildPhase section */
		3F4C231F1A1DA655001C65DF /* Frameworks */ = {
			isa = PBXFrameworksBuildPhase;
			buildActionMask = 2147483647;
			files = (
				933E633587A5083464CBA7FD /* libPods.a in Frameworks */,
			);
			runOnlyForDeploymentPostprocessing = 0;
		};
		3F4C23381A1DA655001C65DF /* Frameworks */ = {
			isa = PBXFrameworksBuildPhase;
			buildActionMask = 2147483647;
			files = (
			);
			runOnlyForDeploymentPostprocessing = 0;
		};
/* End PBXFrameworksBuildPhase section */

/* Begin PBXGroup section */
		3F4C23191A1DA655001C65DF = {
			isa = PBXGroup;
			children = (
				3F4C23241A1DA655001C65DF /* Xunwei */,
				3F4C233E1A1DA655001C65DF /* XunweiTests */,
				3F4C23231A1DA655001C65DF /* Products */,
				AEBFD8302F5701D7B50BFB9D /* Pods */,
				5F77E84F179E2A9338973759 /* Frameworks */,
			);
			sourceTree = "<group>";
		};
		3F4C23231A1DA655001C65DF /* Products */ = {
			isa = PBXGroup;
			children = (
				3F4C23221A1DA655001C65DF /* Xunwei.app */,
				3F4C233B1A1DA655001C65DF /* XunweiTests.xctest */,
			);
			name = Products;
			sourceTree = "<group>";
		};
		3F4C23241A1DA655001C65DF /* Xunwei */ = {
			isa = PBXGroup;
			children = (
				3F4C23291A1DA655001C65DF /* AppDelegate.h */,
				3F4C232A1A1DA655001C65DF /* AppDelegate.m */,
				3F4C234B1A1DA69D001C65DF /* HomeViewController.h */,
				3F4C234C1A1DA69D001C65DF /* HomeViewController.m */,
				3FDDF7E51A203BF8000ADFEC /* UserTableViewController.h */,
				3FDDF7E61A203BF8000ADFEC /* UserTableViewController.m */,
				3FF5C74E1A204B42004D2B07 /* SigninTableViewController.h */,
				3FF5C74F1A204B42004D2B07 /* SigninTableViewController.m */,
				3FF5C7511A2056B6004D2B07 /* SingupTableViewController.h */,
				3FF5C7521A2056B6004D2B07 /* SingupTableViewController.m */,
				3F41922E1A1E3FA3008A8A0F /* DetailViewController.h */,
				3F41922F1A1E3FA3008A8A0F /* DetailViewController.m */,
				3F8D4B351A2190DC00F0F41F /* ReviewTableViewController.h */,
				3F8D4B361A2190DC00F0F41F /* ReviewTableViewController.m */,
				3F4192311A1E708E008A8A0F /* MapViewController.h */,
				3F4192321A1E708E008A8A0F /* MapViewController.m */,
				3F8D4B3E1A224EA000F0F41F /* AboutTableViewController.h */,
				3F8D4B3F1A224EA000F0F41F /* AboutTableViewController.m */,
				3F4C232F1A1DA655001C65DF /* Main.storyboard */,
				3F4C234E1A1DA6EB001C65DF /* NavigationViewController.h */,
				3F4C234F1A1DA6EB001C65DF /* NavigationViewController.m */,
				3F4C23321A1DA655001C65DF /* Images.xcassets */,
				3F4C23251A1DA655001C65DF /* Supporting Files */,
				3F4C23511A1DAC36001C65DF /* GetRestaurants.h */,
				3F4C23521A1DAC36001C65DF /* GetRestaurants.m */,
				3F4C23541A1DACAF001C65DF /* AlertView.h */,
				3F4C23551A1DACAF001C65DF /* AlertView.m */,
				3F4C23571A1DB539001C65DF /* ListItemView.h */,
				3F4C23581A1DB539001C65DF /* ListItemView.m */,
				3F4192341A1E7380008A8A0F /* MarkerAnnotation.h */,
				3F4192351A1E7380008A8A0F /* MarkerAnnotation.m */,
				3F4192371A1E7400008A8A0F /* PanelViewOnMap.h */,
				3F4192381A1E7400008A8A0F /* PanelViewOnMap.m */,
				3F3CA4771A1FFC0000C27B31 /* Launch Screen.xib */,
				3F8D4B3B1A21AB7900F0F41F /* JSFavStarControl.h */,
				3F8D4B3C1A21AB7900F0F41F /* JSFavStarControl.m */,
			);
			name = Xunwei;
			path = "寻味";
			sourceTree = "<group>";
		};
		3F4C23251A1DA655001C65DF /* Supporting Files */ = {
			isa = PBXGroup;
			children = (
				3F3E49A61A1F107A00BEF70C /* XinGothic.ttf */,
				3F4C23261A1DA655001C65DF /* Info.plist */,
				3F4C23271A1DA655001C65DF /* main.m */,
			);
			name = "Supporting Files";
			sourceTree = "<group>";
		};
		3F4C233E1A1DA655001C65DF /* XunweiTests */ = {
			isa = PBXGroup;
			children = (
				3F4C23411A1DA655001C65DF /* __Tests.m */,
				3F4C233F1A1DA655001C65DF /* Supporting Files */,
			);
			name = XunweiTests;
			path = "寻味Tests";
			sourceTree = "<group>";
		};
		3F4C233F1A1DA655001C65DF /* Supporting Files */ = {
			isa = PBXGroup;
			children = (
				3F4C23401A1DA655001C65DF /* Info.plist */,
			);
			name = "Supporting Files";
			sourceTree = "<group>";
		};
		5F77E84F179E2A9338973759 /* Frameworks */ = {
			isa = PBXGroup;
			children = (
				7946F37BB54B65E3DEDDDE0A /* libPods.a */,
			);
			name = Frameworks;
			sourceTree = "<group>";
		};
		AEBFD8302F5701D7B50BFB9D /* Pods */ = {
			isa = PBXGroup;
			children = (
				69090481C4AB24F2DFF20078 /* Pods.debug.xcconfig */,
				526DC519CF9B9E73D80D3EDC /* Pods.release.xcconfig */,
			);
			name = Pods;
			sourceTree = "<group>";
		};
/* End PBXGroup section */

/* Begin PBXNativeTarget section */
		3F4C23211A1DA655001C65DF /* Xunwei */ = {
			isa = PBXNativeTarget;
			buildConfigurationList = 3F4C23451A1DA655001C65DF /* Build configuration list for PBXNativeTarget "Xunwei" */;
			buildPhases = (
				2F1ACD159A94D0941B4BFD62 /* Check Pods Manifest.lock */,
				3F4C231E1A1DA655001C65DF /* Sources */,
				3F4C231F1A1DA655001C65DF /* Frameworks */,
				3F4C23201A1DA655001C65DF /* Resources */,
				9BD47BA27720C584C3257B21 /* Copy Pods Resources */,
			);
			buildRules = (
			);
			dependencies = (
			);
			name = Xunwei;
			productName = "寻味";
			productReference = 3F4C23221A1DA655001C65DF /* Xunwei.app */;
			productType = "com.apple.product-type.application";
		};
		3F4C233A1A1DA655001C65DF /* XunweiTests */ = {
			isa = PBXNativeTarget;
			buildConfigurationList = 3F4C23481A1DA655001C65DF /* Build configuration list for PBXNativeTarget "XunweiTests" */;
			buildPhases = (
				3F4C23371A1DA655001C65DF /* Sources */,
				3F4C23381A1DA655001C65DF /* Frameworks */,
				3F4C23391A1DA655001C65DF /* Resources */,
			);
			buildRules = (
			);
			dependencies = (
				3F4C233D1A1DA655001C65DF /* PBXTargetDependency */,
			);
			name = XunweiTests;
			productName = "寻味Tests";
			productReference = 3F4C233B1A1DA655001C65DF /* XunweiTests.xctest */;
			productType = "com.apple.product-type.bundle.unit-test";
		};
/* End PBXNativeTarget section */

/* Begin PBXProject section */
		3F4C231A1A1DA655001C65DF /* Project object */ = {
			isa = PBXProject;
			attributes = {
				LastUpgradeCheck = 0610;
				ORGANIZATIONNAME = "Hao Liu";
				TargetAttributes = {
					3F4C23211A1DA655001C65DF = {
						CreatedOnToolsVersion = 6.1;
						SystemCapabilities = {
							com.apple.Maps.iOS = {
								enabled = 0;
							};
						};
					};
					3F4C233A1A1DA655001C65DF = {
						CreatedOnToolsVersion = 6.1;
						TestTargetID = 3F4C23211A1DA655001C65DF;
					};
				};
			};
			buildConfigurationList = 3F4C231D1A1DA655001C65DF /* Build configuration list for PBXProject "Xunwei" */;
			compatibilityVersion = "Xcode 3.2";
			developmentRegion = English;
			hasScannedForEncodings = 0;
			knownRegions = (
				en,
				Base,
			);
			mainGroup = 3F4C23191A1DA655001C65DF;
			productRefGroup = 3F4C23231A1DA655001C65DF /* Products */;
			projectDirPath = "";
			projectRoot = "";
			targets = (
				3F4C23211A1DA655001C65DF /* Xunwei */,
				3F4C233A1A1DA655001C65DF /* XunweiTests */,
			);
		};
/* End PBXProject section */

/* Begin PBXResourcesBuildPhase section */
		3F4C23201A1DA655001C65DF /* Resources */ = {
			isa = PBXResourcesBuildPhase;
			buildActionMask = 2147483647;
			files = (
				3F4C23311A1DA655001C65DF /* Main.storyboard in Resources */,
				3F3CA4781A1FFC0000C27B31 /* Launch Screen.xib in Resources */,
				3F3E49A71A1F107A00BEF70C /* XinGothic.ttf in Resources */,
				3F4C23331A1DA655001C65DF /* Images.xcassets in Resources */,
			);
			runOnlyForDeploymentPostprocessing = 0;
		};
		3F4C23391A1DA655001C65DF /* Resources */ = {
			isa = PBXResourcesBuildPhase;
			buildActionMask = 2147483647;
			files = (
			);
			runOnlyForDeploymentPostprocessing = 0;
		};
/* End PBXResourcesBuildPhase section */

/* Begin PBXShellScriptBuildPhase section */
		2F1ACD159A94D0941B4BFD62 /* Check Pods Manifest.lock */ = {
			isa = PBXShellScriptBuildPhase;
			buildActionMask = 2147483647;
			files = (
			);
			inputPaths = (
			);
			name = "Check Pods Manifest.lock";
			outputPaths = (
			);
			runOnlyForDeploymentPostprocessing = 0;
			shellPath = /bin/sh;
			shellScript = "diff \"${PODS_ROOT}/../Podfile.lock\" \"${PODS_ROOT}/Manifest.lock\" > /dev/null\nif [[ $? != 0 ]] ; then\n    cat << EOM\nerror: The sandbox is not in sync with the Podfile.lock. Run 'pod install' or update your CocoaPods installation.\nEOM\n    exit 1\nfi\n";
			showEnvVarsInLog = 0;
		};
		9BD47BA27720C584C3257B21 /* Copy Pods Resources */ = {
			isa = PBXShellScriptBuildPhase;
			buildActionMask = 2147483647;
			files = (
			);
			inputPaths = (
			);
			name = "Copy Pods Resources";
			outputPaths = (
			);
			runOnlyForDeploymentPostprocessing = 0;
			shellPath = /bin/sh;
			shellScript = "\"${SRCROOT}/Pods/Target Support Files/Pods/Pods-resources.sh\"\n";
			showEnvVarsInLog = 0;
		};
/* End PBXShellScriptBuildPhase section */

/* Begin PBXSourcesBuildPhase section */
		3F4C231E1A1DA655001C65DF /* Sources */ = {
			isa = PBXSourcesBuildPhase;
			buildActionMask = 2147483647;
			files = (
				3F4192391A1E7400008A8A0F /* PanelViewOnMap.m in Sources */,
				3F4C23501A1DA6EB001C65DF /* NavigationViewController.m in Sources */,
				3F8D4B3D1A21AB7900F0F41F /* JSFavStarControl.m in Sources */,
				3F8D4B371A2190DC00F0F41F /* ReviewTableViewController.m in Sources */,
				3F4C23531A1DAC36001C65DF /* GetRestaurants.m in Sources */,
				3F4192361A1E7380008A8A0F /* MarkerAnnotation.m in Sources */,
				3F4C232B1A1DA655001C65DF /* AppDelegate.m in Sources */,
				3F4192331A1E708E008A8A0F /* MapViewController.m in Sources */,
				3FDDF7E71A203BF8000ADFEC /* UserTableViewController.m in Sources */,
				3FF5C7501A204B42004D2B07 /* SigninTableViewController.m in Sources */,
				3F4192301A1E3FA3008A8A0F /* DetailViewController.m in Sources */,
				3F4C23591A1DB539001C65DF /* ListItemView.m in Sources */,
				3F4C23561A1DACAF001C65DF /* AlertView.m in Sources */,
				3FF5C7531A2056B6004D2B07 /* SingupTableViewController.m in Sources */,
				3F8D4B401A224EA000F0F41F /* AboutTableViewController.m in Sources */,
				3F4C23281A1DA655001C65DF /* main.m in Sources */,
				3F4C234D1A1DA69D001C65DF /* HomeViewController.m in Sources */,
			);
			runOnlyForDeploymentPostprocessing = 0;
		};
		3F4C23371A1DA655001C65DF /* Sources */ = {
			isa = PBXSourcesBuildPhase;
			buildActionMask = 2147483647;
			files = (
				3F4C23421A1DA655001C65DF /* __Tests.m in Sources */,
			);
			runOnlyForDeploymentPostprocessing = 0;
		};
/* End PBXSourcesBuildPhase section */

/* Begin PBXTargetDependency section */
		3F4C233D1A1DA655001C65DF /* PBXTargetDependency */ = {
			isa = PBXTargetDependency;
			target = 3F4C23211A1DA655001C65DF /* Xunwei */;
			targetProxy = 3F4C233C1A1DA655001C65DF /* PBXContainerItemProxy */;
		};
/* End PBXTargetDependency section */

/* Begin PBXVariantGroup section */
		3F4C232F1A1DA655001C65DF /* Main.storyboard */ = {
			isa = PBXVariantGroup;
			children = (
				3F4C23301A1DA655001C65DF /* Base */,
			);
			name = Main.storyboard;
			sourceTree = "<group>";
		};
/* End PBXVariantGroup section */

/* Begin XCBuildConfiguration section */
		3F4C23431A1DA655001C65DF /* Debug */ = {
			isa = XCBuildConfiguration;
			buildSettings = {
				ALWAYS_SEARCH_USER_PATHS = NO;
				CLANG_CXX_LANGUAGE_STANDARD = "gnu++0x";
				CLANG_CXX_LIBRARY = "libc++";
				CLANG_ENABLE_MODULES = YES;
				CLANG_ENABLE_OBJC_ARC = YES;
				CLANG_WARN_BOOL_CONVERSION = YES;
				CLANG_WARN_CONSTANT_CONVERSION = YES;
				CLANG_WARN_DIRECT_OBJC_ISA_USAGE = YES_ERROR;
				CLANG_WARN_EMPTY_BODY = YES;
				CLANG_WARN_ENUM_CONVERSION = YES;
				CLANG_WARN_INT_CONVERSION = YES;
				CLANG_WARN_OBJC_ROOT_CLASS = YES_ERROR;
				CLANG_WARN_UNREACHABLE_CODE = YES;
				CLANG_WARN__DUPLICATE_METHOD_MATCH = YES;
				"CODE_SIGN_IDENTITY[sdk=iphoneos*]" = "iPhone Developer";
				COPY_PHASE_STRIP = NO;
				ENABLE_STRICT_OBJC_MSGSEND = YES;
				GCC_C_LANGUAGE_STANDARD = gnu99;
				GCC_DYNAMIC_NO_PIC = NO;
				GCC_OPTIMIZATION_LEVEL = 0;
				GCC_PREPROCESSOR_DEFINITIONS = (
					"DEBUG=1",
					"$(inherited)",
				);
				GCC_SYMBOLS_PRIVATE_EXTERN = NO;
				GCC_WARN_64_TO_32_BIT_CONVERSION = YES;
				GCC_WARN_ABOUT_RETURN_TYPE = YES_ERROR;
				GCC_WARN_UNDECLARED_SELECTOR = YES;
				GCC_WARN_UNINITIALIZED_AUTOS = YES_AGGRESSIVE;
				GCC_WARN_UNUSED_FUNCTION = YES;
				GCC_WARN_UNUSED_VARIABLE = YES;
				IPHONEOS_DEPLOYMENT_TARGET = 8.1;
				MTL_ENABLE_DEBUG_INFO = YES;
				ONLY_ACTIVE_ARCH = YES;
				SDKROOT = iphoneos;
			};
			name = Debug;
		};
		3F4C23441A1DA655001C65DF /* Release */ = {
			isa = XCBuildConfiguration;
			buildSettings = {
				ALWAYS_SEARCH_USER_PATHS = NO;
				CLANG_CXX_LANGUAGE_STANDARD = "gnu++0x";
				CLANG_CXX_LIBRARY = "libc++";
				CLANG_ENABLE_MODULES = YES;
				CLANG_ENABLE_OBJC_ARC = YES;
				CLANG_WARN_BOOL_CONVERSION = YES;
				CLANG_WARN_CONSTANT_CONVERSION = YES;
				CLANG_WARN_DIRECT_OBJC_ISA_USAGE = YES_ERROR;
				CLANG_WARN_EMPTY_BODY = YES;
				CLANG_WARN_ENUM_CONVERSION = YES;
				CLANG_WARN_INT_CONVERSION = YES;
				CLANG_WARN_OBJC_ROOT_CLASS = YES_ERROR;
				CLANG_WARN_UNREACHABLE_CODE = YES;
				CLANG_WARN__DUPLICATE_METHOD_MATCH = YES;
				"CODE_SIGN_IDENTITY[sdk=iphoneos*]" = "iPhone Developer";
				COPY_PHASE_STRIP = YES;
				ENABLE_NS_ASSERTIONS = NO;
				ENABLE_STRICT_OBJC_MSGSEND = YES;
				GCC_C_LANGUAGE_STANDARD = gnu99;
				GCC_WARN_64_TO_32_BIT_CONVERSION = YES;
				GCC_WARN_ABOUT_RETURN_TYPE = YES_ERROR;
				GCC_WARN_UNDECLARED_SELECTOR = YES;
				GCC_WARN_UNINITIALIZED_AUTOS = YES_AGGRESSIVE;
				GCC_WARN_UNUSED_FUNCTION = YES;
				GCC_WARN_UNUSED_VARIABLE = YES;
				IPHONEOS_DEPLOYMENT_TARGET = 8.1;
				MTL_ENABLE_DEBUG_INFO = NO;
				SDKROOT = iphoneos;
				VALIDATE_PRODUCT = YES;
			};
			name = Release;
		};
		3F4C23461A1DA655001C65DF /* Debug */ = {
			isa = XCBuildConfiguration;
			baseConfigurationReference = 69090481C4AB24F2DFF20078 /* Pods.debug.xcconfig */;
			buildSettings = {
				ASSETCATALOG_COMPILER_APPICON_NAME = AppIcon;
				ASSETCATALOG_COMPILER_LAUNCHIMAGE_NAME = "LaunchImage-2";
				INFOPLIST_FILE = "寻味/Info.plist";
				IPHONEOS_DEPLOYMENT_TARGET = 7.0;
				PRODUCT_NAME = Xunwei;
			};
			name = Debug;
		};
		3F4C23471A1DA655001C65DF /* Release */ = {
			isa = XCBuildConfiguration;
			baseConfigurationReference = 526DC519CF9B9E73D80D3EDC /* Pods.release.xcconfig */;
			buildSettings = {
				ASSETCATALOG_COMPILER_APPICON_NAME = AppIcon;
				ASSETCATALOG_COMPILER_LAUNCHIMAGE_NAME = "LaunchImage-2";
				INFOPLIST_FILE = "寻味/Info.plist";
				IPHONEOS_DEPLOYMENT_TARGET = 7.0;
				PRODUCT_NAME = Xunwei;
			};
			name = Release;
		};
		3F4C23491A1DA655001C65DF /* Debug */ = {
			isa = XCBuildConfiguration;
			buildSettings = {
				BUNDLE_LOADER = "$(TEST_HOST)";
				FRAMEWORK_SEARCH_PATHS = (
					"$(SDKROOT)/Developer/Library/Frameworks",
					"$(inherited)",
				);
				GCC_PREPROCESSOR_DEFINITIONS = (
					"DEBUG=1",
					"$(inherited)",
				);
				INFOPLIST_FILE = "寻味Tests/Info.plist";
				LD_RUNPATH_SEARCH_PATHS = "$(inherited) @executable_path/Frameworks @loader_path/Frameworks";
				PRODUCT_NAME = XunweiTests;
				TEST_HOST = "$(BUILT_PRODUCTS_DIR)/寻味.app/寻味";
			};
			name = Debug;
		};
		3F4C234A1A1DA655001C65DF /* Release */ = {
			isa = XCBuildConfiguration;
			buildSettings = {
				BUNDLE_LOADER = "$(TEST_HOST)";
				FRAMEWORK_SEARCH_PATHS = (
					"$(SDKROOT)/Developer/Library/Frameworks",
					"$(inherited)",
				);
				INFOPLIST_FILE = "寻味Tests/Info.plist";
				LD_RUNPATH_SEARCH_PATHS = "$(inherited) @executable_path/Frameworks @loader_path/Frameworks";
				PRODUCT_NAME = XunweiTests;
				TEST_HOST = "$(BUILT_PRODUCTS_DIR)/寻味.app/寻味";
			};
			name = Release;
		};
/* End XCBuildConfiguration section */

/* Begin XCConfigurationList section */
		3F4C231D1A1DA655001C65DF /* Build configuration list for PBXProject "Xunwei" */ = {
			isa = XCConfigurationList;
			buildConfigurations = (
				3F4C23431A1DA655001C65DF /* Debug */,
				3F4C23441A1DA655001C65DF /* Release */,
			);
			defaultConfigurationIsVisible = 0;
			defaultConfigurationName = Release;
		};
		3F4C23451A1DA655001C65DF /* Build configuration list for PBXNativeTarget "Xunwei" */ = {
			isa = XCConfigurationList;
			buildConfigurations = (
				3F4C23461A1DA655001C65DF /* Debug */,
				3F4C23471A1DA655001C65DF /* Release */,
			);
			defaultConfigurationIsVisible = 0;
			defaultConfigurationName = Release;
		};
		3F4C23481A1DA655001C65DF /* Build configuration list for PBXNativeTarget "XunweiTests" */ = {
			isa = XCConfigurationList;
			buildConfigurations = (
				3F4C23491A1DA655001C65DF /* Debug */,
				3F4C234A1A1DA655001C65DF /* Release */,
			);
			defaultConfigurationIsVisible = 0;
			defaultConfigurationName = Release;
		};
/* End XCConfigurationList section */
	};
	rootObject = 3F4C231A1A1DA655001C65DF /* Project object */;
}
