// !$*UTF8*$!
{
	archiveVersion = 1;
	classes = {
	};
	objectVersion = 46;
	objects = {

/* Begin PBXBuildFile section */
		3F2F678A1A37DF67003F9D21 /* ImagePickerController.m in Sources */ = {isa = PBXBuildFile; fileRef = 3F2F67891A37DF67003F9D21 /* ImagePickerController.m */; };
		3FB410601A31658A00CF1963 /* UMSocialLocalizable.strings in Resources */ = {isa = PBXBuildFile; fileRef = 3FB410461A31658A00CF1963 /* UMSocialLocalizable.strings */; };
		3FB410611A31658A00CF1963 /* libUMSocial_Sdk_4.2.1.a in Frameworks */ = {isa = PBXBuildFile; fileRef = 3FB410541A31658A00CF1963 /* libUMSocial_Sdk_4.2.1.a */; };
		3FB410621A31658A00CF1963 /* UMSCommentDetailController.xib in Resources */ = {isa = PBXBuildFile; fileRef = 3FB410561A31658A00CF1963 /* UMSCommentDetailController.xib */; };
		3FB410631A31658A00CF1963 /* UMSCommentInputController.xib in Resources */ = {isa = PBXBuildFile; fileRef = 3FB410571A31658A00CF1963 /* UMSCommentInputController.xib */; };
		3FB410641A31658A00CF1963 /* UMSCommentInputControlleriPad.xib in Resources */ = {isa = PBXBuildFile; fileRef = 3FB410581A31658A00CF1963 /* UMSCommentInputControlleriPad.xib */; };
		3FB410651A31658A00CF1963 /* UMShareEditViewController.xib in Resources */ = {isa = PBXBuildFile; fileRef = 3FB410591A31658A00CF1963 /* UMShareEditViewController.xib */; };
		3FB410661A31658A00CF1963 /* UMShareEditViewControlleriPad.xib in Resources */ = {isa = PBXBuildFile; fileRef = 3FB4105A1A31658A00CF1963 /* UMShareEditViewControlleriPad.xib */; };
		3FB410671A31658A00CF1963 /* UMSLoginViewController.xib in Resources */ = {isa = PBXBuildFile; fileRef = 3FB4105B1A31658A00CF1963 /* UMSLoginViewController.xib */; };
		3FB410681A31658A00CF1963 /* UMSnsAccountViewController.xib in Resources */ = {isa = PBXBuildFile; fileRef = 3FB4105C1A31658A00CF1963 /* UMSnsAccountViewController.xib */; };
		3FB410691A31658A00CF1963 /* UMSShareListController.xib in Resources */ = {isa = PBXBuildFile; fileRef = 3FB4105D1A31658A00CF1963 /* UMSShareListController.xib */; };
		3FB4106A1A31658A00CF1963 /* UMSocialSDKResourcesNew.bundle in Resources */ = {isa = PBXBuildFile; fileRef = 3FB4105E1A31658A00CF1963 /* UMSocialSDKResourcesNew.bundle */; };
		3FB410721A31684F00CF1963 /* libSocialWechat.a in Frameworks */ = {isa = PBXBuildFile; fileRef = 3FB4106D1A31684F00CF1963 /* libSocialWechat.a */; };
		3FB410731A31684F00CF1963 /* libWeChatSDK.a in Frameworks */ = {isa = PBXBuildFile; fileRef = 3FB4106E1A31684F00CF1963 /* libWeChatSDK.a */; };
		3FCDD1D51A34EA9300315137 /* SelectorScrollView.m in Sources */ = {isa = PBXBuildFile; fileRef = 3FCDD1D41A34EA9300315137 /* SelectorScrollView.m */; };
		3FCDD1D81A34F17B00315137 /* PointerView.m in Sources */ = {isa = PBXBuildFile; fileRef = 3FCDD1D71A34F17B00315137 /* PointerView.m */; };
		3FEFE8791A2650BD00ACFBF4 /* main.m in Sources */ = {isa = PBXBuildFile; fileRef = 3FEFE8781A2650BD00ACFBF4 /* main.m */; };
		3FEFE87C1A2650BD00ACFBF4 /* AppDelegate.m in Sources */ = {isa = PBXBuildFile; fileRef = 3FEFE87B1A2650BD00ACFBF4 /* AppDelegate.m */; };
		3FEFE8821A2650BD00ACFBF4 /* Main.storyboard in Resources */ = {isa = PBXBuildFile; fileRef = 3FEFE8801A2650BD00ACFBF4 /* Main.storyboard */; };
		3FEFE8841A2650BD00ACFBF4 /* Images.xcassets in Resources */ = {isa = PBXBuildFile; fileRef = 3FEFE8831A2650BD00ACFBF4 /* Images.xcassets */; };
		3FEFE8871A2650BD00ACFBF4 /* LaunchScreen.xib in Resources */ = {isa = PBXBuildFile; fileRef = 3FEFE8851A2650BD00ACFBF4 /* LaunchScreen.xib */; };
		3FEFE8931A2650BD00ACFBF4 /* XunweiTests.m in Sources */ = {isa = PBXBuildFile; fileRef = 3FEFE8921A2650BD00ACFBF4 /* XunweiTests.m */; };
		3FEFE89D1A2652AE00ACFBF4 /* XinGothic.ttf in Resources */ = {isa = PBXBuildFile; fileRef = 3FEFE89C1A2652AE00ACFBF4 /* XinGothic.ttf */; };
		3FEFE8BC1A2653D800ACFBF4 /* AboutTableViewController.m in Sources */ = {isa = PBXBuildFile; fileRef = 3FEFE89F1A2653D800ACFBF4 /* AboutTableViewController.m */; };
		3FEFE8BD1A2653D800ACFBF4 /* AlertView.m in Sources */ = {isa = PBXBuildFile; fileRef = 3FEFE8A11A2653D800ACFBF4 /* AlertView.m */; };
		3FEFE8BE1A2653D800ACFBF4 /* DetailViewController.m in Sources */ = {isa = PBXBuildFile; fileRef = 3FEFE8A31A2653D800ACFBF4 /* DetailViewController.m */; };
		3FEFE8BF1A2653D800ACFBF4 /* GetRestaurants.m in Sources */ = {isa = PBXBuildFile; fileRef = 3FEFE8A51A2653D800ACFBF4 /* GetRestaurants.m */; };
		3FEFE8C01A2653D800ACFBF4 /* HomeViewController.m in Sources */ = {isa = PBXBuildFile; fileRef = 3FEFE8A71A2653D800ACFBF4 /* HomeViewController.m */; };
		3FEFE8C11A2653D800ACFBF4 /* JSFavStarControl.m in Sources */ = {isa = PBXBuildFile; fileRef = 3FEFE8A91A2653D800ACFBF4 /* JSFavStarControl.m */; };
		3FEFE8C21A2653D800ACFBF4 /* ListItemView.m in Sources */ = {isa = PBXBuildFile; fileRef = 3FEFE8AB1A2653D800ACFBF4 /* ListItemView.m */; };
		3FEFE8C31A2653D800ACFBF4 /* MapViewController.m in Sources */ = {isa = PBXBuildFile; fileRef = 3FEFE8AD1A2653D800ACFBF4 /* MapViewController.m */; };
		3FEFE8C41A2653D800ACFBF4 /* MarkerAnnotation.m in Sources */ = {isa = PBXBuildFile; fileRef = 3FEFE8AF1A2653D800ACFBF4 /* MarkerAnnotation.m */; };
		3FEFE8C51A2653D800ACFBF4 /* NavigationViewController.m in Sources */ = {isa = PBXBuildFile; fileRef = 3FEFE8B11A2653D800ACFBF4 /* NavigationViewController.m */; };
		3FEFE8C61A2653D800ACFBF4 /* PanelViewOnMap.m in Sources */ = {isa = PBXBuildFile; fileRef = 3FEFE8B31A2653D800ACFBF4 /* PanelViewOnMap.m */; };
		3FEFE8C71A2653D800ACFBF4 /* ReviewTableViewController.m in Sources */ = {isa = PBXBuildFile; fileRef = 3FEFE8B51A2653D800ACFBF4 /* ReviewTableViewController.m */; };
		3FEFE8C81A2653D800ACFBF4 /* SigninTableViewController.m in Sources */ = {isa = PBXBuildFile; fileRef = 3FEFE8B71A2653D800ACFBF4 /* SigninTableViewController.m */; };
		3FEFE8C91A2653D800ACFBF4 /* SingupTableViewController.m in Sources */ = {isa = PBXBuildFile; fileRef = 3FEFE8B91A2653D800ACFBF4 /* SingupTableViewController.m */; };
		3FEFE8CA1A2653D800ACFBF4 /* UserTableViewController.m in Sources */ = {isa = PBXBuildFile; fileRef = 3FEFE8BB1A2653D800ACFBF4 /* UserTableViewController.m */; };
		4F04DC11C3B9640AA9317D51 /* libPods.a in Frameworks */ = {isa = PBXBuildFile; fileRef = C810A83B782BC8429241E84B /* libPods.a */; };
/* End PBXBuildFile section */

/* Begin PBXContainerItemProxy section */
		3FEFE88D1A2650BD00ACFBF4 /* PBXContainerItemProxy */ = {
			isa = PBXContainerItemProxy;
			containerPortal = 3FEFE86B1A2650BC00ACFBF4 /* Project object */;
			proxyType = 1;
			remoteGlobalIDString = 3FEFE8721A2650BC00ACFBF4;
			remoteInfo = Xunwei;
		};
/* End PBXContainerItemProxy section */

/* Begin PBXFileReference section */
		3F2F67881A37DF67003F9D21 /* ImagePickerController.h */ = {isa = PBXFileReference; fileEncoding = 4; lastKnownFileType = sourcecode.c.h; path = ImagePickerController.h; sourceTree = "<group>"; };
		3F2F67891A37DF67003F9D21 /* ImagePickerController.m */ = {isa = PBXFileReference; fileEncoding = 4; lastKnownFileType = sourcecode.c.objc; path = ImagePickerController.m; sourceTree = "<group>"; };
		3F8BE7E81A31627A009204AB /* libz.dylib */ = {isa = PBXFileReference; lastKnownFileType = "compiled.mach-o.dylib"; name = libz.dylib; path = usr/lib/libz.dylib; sourceTree = SDKROOT; };
		3FB410471A31658A00CF1963 /* en */ = {isa = PBXFileReference; lastKnownFileType = text.plist.strings; name = en; path = en.lproj/UMSocialLocalizable.strings; sourceTree = "<group>"; };
		3FB410491A31658A00CF1963 /* UMSocial.h */ = {isa = PBXFileReference; fileEncoding = 4; lastKnownFileType = sourcecode.c.h; path = UMSocial.h; sourceTree = "<group>"; };
		3FB4104A1A31658A00CF1963 /* UMSocialAccountManager.h */ = {isa = PBXFileReference; fileEncoding = 4; lastKnownFileType = sourcecode.c.h; path = UMSocialAccountManager.h; sourceTree = "<group>"; };
		3FB4104B1A31658A00CF1963 /* UMSocialBar.h */ = {isa = PBXFileReference; fileEncoding = 4; lastKnownFileType = sourcecode.c.h; path = UMSocialBar.h; sourceTree = "<group>"; };
		3FB4104C1A31658A00CF1963 /* UMSocialConfig.h */ = {isa = PBXFileReference; fileEncoding = 4; lastKnownFileType = sourcecode.c.h; path = UMSocialConfig.h; sourceTree = "<group>"; };
		3FB4104D1A31658A00CF1963 /* UMSocialControllerService.h */ = {isa = PBXFileReference; fileEncoding = 4; lastKnownFileType = sourcecode.c.h; path = UMSocialControllerService.h; sourceTree = "<group>"; };
		3FB4104E1A31658A00CF1963 /* UMSocialControllerServiceComment.h */ = {isa = PBXFileReference; fileEncoding = 4; lastKnownFileType = sourcecode.c.h; path = UMSocialControllerServiceComment.h; sourceTree = "<group>"; };
		3FB4104F1A31658A00CF1963 /* UMSocialData.h */ = {isa = PBXFileReference; fileEncoding = 4; lastKnownFileType = sourcecode.c.h; path = UMSocialData.h; sourceTree = "<group>"; };
		3FB410501A31658A00CF1963 /* UMSocialDataService.h */ = {isa = PBXFileReference; fileEncoding = 4; lastKnownFileType = sourcecode.c.h; path = UMSocialDataService.h; sourceTree = "<group>"; };
		3FB410511A31658A00CF1963 /* UMSocialSnsData.h */ = {isa = PBXFileReference; fileEncoding = 4; lastKnownFileType = sourcecode.c.h; path = UMSocialSnsData.h; sourceTree = "<group>"; };
		3FB410521A31658A00CF1963 /* UMSocialSnsPlatformManager.h */ = {isa = PBXFileReference; fileEncoding = 4; lastKnownFileType = sourcecode.c.h; path = UMSocialSnsPlatformManager.h; sourceTree = "<group>"; };
		3FB410531A31658A00CF1963 /* UMSocialSnsService.h */ = {isa = PBXFileReference; fileEncoding = 4; lastKnownFileType = sourcecode.c.h; path = UMSocialSnsService.h; sourceTree = "<group>"; };
		3FB410541A31658A00CF1963 /* libUMSocial_Sdk_4.2.1.a */ = {isa = PBXFileReference; lastKnownFileType = archive.ar; path = libUMSocial_Sdk_4.2.1.a; sourceTree = "<group>"; };
		3FB410561A31658A00CF1963 /* UMSCommentDetailController.xib */ = {isa = PBXFileReference; fileEncoding = 4; lastKnownFileType = file.xib; path = UMSCommentDetailController.xib; sourceTree = "<group>"; };
		3FB410571A31658A00CF1963 /* UMSCommentInputController.xib */ = {isa = PBXFileReference; fileEncoding = 4; lastKnownFileType = file.xib; path = UMSCommentInputController.xib; sourceTree = "<group>"; };
		3FB410581A31658A00CF1963 /* UMSCommentInputControlleriPad.xib */ = {isa = PBXFileReference; fileEncoding = 4; lastKnownFileType = file.xib; path = UMSCommentInputControlleriPad.xib; sourceTree = "<group>"; };
		3FB410591A31658A00CF1963 /* UMShareEditViewController.xib */ = {isa = PBXFileReference; fileEncoding = 4; lastKnownFileType = file.xib; path = UMShareEditViewController.xib; sourceTree = "<group>"; };
		3FB4105A1A31658A00CF1963 /* UMShareEditViewControlleriPad.xib */ = {isa = PBXFileReference; fileEncoding = 4; lastKnownFileType = file.xib; path = UMShareEditViewControlleriPad.xib; sourceTree = "<group>"; };
		3FB4105B1A31658A00CF1963 /* UMSLoginViewController.xib */ = {isa = PBXFileReference; fileEncoding = 4; lastKnownFileType = file.xib; path = UMSLoginViewController.xib; sourceTree = "<group>"; };
		3FB4105C1A31658A00CF1963 /* UMSnsAccountViewController.xib */ = {isa = PBXFileReference; fileEncoding = 4; lastKnownFileType = file.xib; path = UMSnsAccountViewController.xib; sourceTree = "<group>"; };
		3FB4105D1A31658A00CF1963 /* UMSShareListController.xib */ = {isa = PBXFileReference; fileEncoding = 4; lastKnownFileType = file.xib; path = UMSShareListController.xib; sourceTree = "<group>"; };
		3FB4105E1A31658A00CF1963 /* UMSocialSDKResourcesNew.bundle */ = {isa = PBXFileReference; lastKnownFileType = "wrapper.plug-in"; path = UMSocialSDKResourcesNew.bundle; sourceTree = "<group>"; };
		3FB4105F1A31658A00CF1963 /* zh-Hans */ = {isa = PBXFileReference; lastKnownFileType = text.plist.strings; name = "zh-Hans"; path = "zh-Hans.lproj/UMSocialLocalizable.strings"; sourceTree = "<group>"; };
		3FB4106D1A31684F00CF1963 /* libSocialWechat.a */ = {isa = PBXFileReference; lastKnownFileType = archive.ar; path = libSocialWechat.a; sourceTree = "<group>"; };
		3FB4106E1A31684F00CF1963 /* libWeChatSDK.a */ = {isa = PBXFileReference; lastKnownFileType = archive.ar; path = libWeChatSDK.a; sourceTree = "<group>"; };
		3FB4106F1A31684F00CF1963 /* UMSocialWechatHandler.h */ = {isa = PBXFileReference; fileEncoding = 4; lastKnownFileType = sourcecode.c.h; path = UMSocialWechatHandler.h; sourceTree = "<group>"; };
		3FB410701A31684F00CF1963 /* WXApi.h */ = {isa = PBXFileReference; fileEncoding = 4; lastKnownFileType = sourcecode.c.h; path = WXApi.h; sourceTree = "<group>"; };
		3FB410711A31684F00CF1963 /* WXApiObject.h */ = {isa = PBXFileReference; fileEncoding = 4; lastKnownFileType = sourcecode.c.h; path = WXApiObject.h; sourceTree = "<group>"; };
		3FCDD1D31A34EA9300315137 /* SelectorScrollView.h */ = {isa = PBXFileReference; fileEncoding = 4; lastKnownFileType = sourcecode.c.h; path = SelectorScrollView.h; sourceTree = "<group>"; };
		3FCDD1D41A34EA9300315137 /* SelectorScrollView.m */ = {isa = PBXFileReference; fileEncoding = 4; lastKnownFileType = sourcecode.c.objc; path = SelectorScrollView.m; sourceTree = "<group>"; };
		3FCDD1D61A34F17B00315137 /* PointerView.h */ = {isa = PBXFileReference; fileEncoding = 4; lastKnownFileType = sourcecode.c.h; path = PointerView.h; sourceTree = "<group>"; };
		3FCDD1D71A34F17B00315137 /* PointerView.m */ = {isa = PBXFileReference; fileEncoding = 4; lastKnownFileType = sourcecode.c.objc; path = PointerView.m; sourceTree = "<group>"; };
		3FEFE8731A2650BD00ACFBF4 /* Xunwei.app */ = {isa = PBXFileReference; explicitFileType = wrapper.application; includeInIndex = 0; path = Xunwei.app; sourceTree = BUILT_PRODUCTS_DIR; };
		3FEFE8771A2650BD00ACFBF4 /* Info.plist */ = {isa = PBXFileReference; lastKnownFileType = text.plist.xml; path = Info.plist; sourceTree = "<group>"; };
		3FEFE8781A2650BD00ACFBF4 /* main.m */ = {isa = PBXFileReference; lastKnownFileType = sourcecode.c.objc; path = main.m; sourceTree = "<group>"; };
		3FEFE87A1A2650BD00ACFBF4 /* AppDelegate.h */ = {isa = PBXFileReference; lastKnownFileType = sourcecode.c.h; path = AppDelegate.h; sourceTree = "<group>"; };
		3FEFE87B1A2650BD00ACFBF4 /* AppDelegate.m */ = {isa = PBXFileReference; lastKnownFileType = sourcecode.c.objc; path = AppDelegate.m; sourceTree = "<group>"; };
		3FEFE8811A2650BD00ACFBF4 /* Base */ = {isa = PBXFileReference; lastKnownFileType = file.storyboard; name = Base; path = Base.lproj/Main.storyboard; sourceTree = "<group>"; };
		3FEFE8831A2650BD00ACFBF4 /* Images.xcassets */ = {isa = PBXFileReference; lastKnownFileType = folder.assetcatalog; path = Images.xcassets; sourceTree = "<group>"; };
		3FEFE8861A2650BD00ACFBF4 /* Base */ = {isa = PBXFileReference; lastKnownFileType = file.xib; name = Base; path = Base.lproj/LaunchScreen.xib; sourceTree = "<group>"; };
		3FEFE88C1A2650BD00ACFBF4 /* XunweiTests.xctest */ = {isa = PBXFileReference; explicitFileType = wrapper.cfbundle; includeInIndex = 0; path = XunweiTests.xctest; sourceTree = BUILT_PRODUCTS_DIR; };
		3FEFE8911A2650BD00ACFBF4 /* Info.plist */ = {isa = PBXFileReference; lastKnownFileType = text.plist.xml; path = Info.plist; sourceTree = "<group>"; };
		3FEFE8921A2650BD00ACFBF4 /* XunweiTests.m */ = {isa = PBXFileReference; lastKnownFileType = sourcecode.c.objc; path = XunweiTests.m; sourceTree = "<group>"; };
		3FEFE89C1A2652AE00ACFBF4 /* XinGothic.ttf */ = {isa = PBXFileReference; lastKnownFileType = file; path = XinGothic.ttf; sourceTree = "<group>"; };
		3FEFE89E1A2653D800ACFBF4 /* AboutTableViewController.h */ = {isa = PBXFileReference; fileEncoding = 4; lastKnownFileType = sourcecode.c.h; path = AboutTableViewController.h; sourceTree = "<group>"; };
		3FEFE89F1A2653D800ACFBF4 /* AboutTableViewController.m */ = {isa = PBXFileReference; fileEncoding = 4; lastKnownFileType = sourcecode.c.objc; path = AboutTableViewController.m; sourceTree = "<group>"; };
		3FEFE8A01A2653D800ACFBF4 /* AlertView.h */ = {isa = PBXFileReference; fileEncoding = 4; lastKnownFileType = sourcecode.c.h; path = AlertView.h; sourceTree = "<group>"; };
		3FEFE8A11A2653D800ACFBF4 /* AlertView.m */ = {isa = PBXFileReference; fileEncoding = 4; lastKnownFileType = sourcecode.c.objc; path = AlertView.m; sourceTree = "<group>"; };
		3FEFE8A21A2653D800ACFBF4 /* DetailViewController.h */ = {isa = PBXFileReference; fileEncoding = 4; lastKnownFileType = sourcecode.c.h; path = DetailViewController.h; sourceTree = "<group>"; };
		3FEFE8A31A2653D800ACFBF4 /* DetailViewController.m */ = {isa = PBXFileReference; fileEncoding = 4; lastKnownFileType = sourcecode.c.objc; path = DetailViewController.m; sourceTree = "<group>"; };
		3FEFE8A41A2653D800ACFBF4 /* GetRestaurants.h */ = {isa = PBXFileReference; fileEncoding = 4; lastKnownFileType = sourcecode.c.h; path = GetRestaurants.h; sourceTree = "<group>"; };
		3FEFE8A51A2653D800ACFBF4 /* GetRestaurants.m */ = {isa = PBXFileReference; fileEncoding = 4; lastKnownFileType = sourcecode.c.objc; path = GetRestaurants.m; sourceTree = "<group>"; };
		3FEFE8A61A2653D800ACFBF4 /* HomeViewController.h */ = {isa = PBXFileReference; fileEncoding = 4; lastKnownFileType = sourcecode.c.h; path = HomeViewController.h; sourceTree = "<group>"; };
		3FEFE8A71A2653D800ACFBF4 /* HomeViewController.m */ = {isa = PBXFileReference; fileEncoding = 4; lastKnownFileType = sourcecode.c.objc; path = HomeViewController.m; sourceTree = "<group>"; };
		3FEFE8A81A2653D800ACFBF4 /* JSFavStarControl.h */ = {isa = PBXFileReference; fileEncoding = 4; lastKnownFileType = sourcecode.c.h; path = JSFavStarControl.h; sourceTree = "<group>"; };
		3FEFE8A91A2653D800ACFBF4 /* JSFavStarControl.m */ = {isa = PBXFileReference; fileEncoding = 4; lastKnownFileType = sourcecode.c.objc; path = JSFavStarControl.m; sourceTree = "<group>"; };
		3FEFE8AA1A2653D800ACFBF4 /* ListItemView.h */ = {isa = PBXFileReference; fileEncoding = 4; lastKnownFileType = sourcecode.c.h; path = ListItemView.h; sourceTree = "<group>"; };
		3FEFE8AB1A2653D800ACFBF4 /* ListItemView.m */ = {isa = PBXFileReference; fileEncoding = 4; lastKnownFileType = sourcecode.c.objc; path = ListItemView.m; sourceTree = "<group>"; };
		3FEFE8AC1A2653D800ACFBF4 /* MapViewController.h */ = {isa = PBXFileReference; fileEncoding = 4; lastKnownFileType = sourcecode.c.h; path = MapViewController.h; sourceTree = "<group>"; };
		3FEFE8AD1A2653D800ACFBF4 /* MapViewController.m */ = {isa = PBXFileReference; fileEncoding = 4; lastKnownFileType = sourcecode.c.objc; path = MapViewController.m; sourceTree = "<group>"; };
		3FEFE8AE1A2653D800ACFBF4 /* MarkerAnnotation.h */ = {isa = PBXFileReference; fileEncoding = 4; lastKnownFileType = sourcecode.c.h; path = MarkerAnnotation.h; sourceTree = "<group>"; };
		3FEFE8AF1A2653D800ACFBF4 /* MarkerAnnotation.m */ = {isa = PBXFileReference; fileEncoding = 4; lastKnownFileType = sourcecode.c.objc; path = MarkerAnnotation.m; sourceTree = "<group>"; };
		3FEFE8B01A2653D800ACFBF4 /* NavigationViewController.h */ = {isa = PBXFileReference; fileEncoding = 4; lastKnownFileType = sourcecode.c.h; path = NavigationViewController.h; sourceTree = "<group>"; };
		3FEFE8B11A2653D800ACFBF4 /* NavigationViewController.m */ = {isa = PBXFileReference; fileEncoding = 4; lastKnownFileType = sourcecode.c.objc; path = NavigationViewController.m; sourceTree = "<group>"; };
		3FEFE8B21A2653D800ACFBF4 /* PanelViewOnMap.h */ = {isa = PBXFileReference; fileEncoding = 4; lastKnownFileType = sourcecode.c.h; path = PanelViewOnMap.h; sourceTree = "<group>"; };
		3FEFE8B31A2653D800ACFBF4 /* PanelViewOnMap.m */ = {isa = PBXFileReference; fileEncoding = 4; lastKnownFileType = sourcecode.c.objc; path = PanelViewOnMap.m; sourceTree = "<group>"; };
		3FEFE8B41A2653D800ACFBF4 /* ReviewTableViewController.h */ = {isa = PBXFileReference; fileEncoding = 4; lastKnownFileType = sourcecode.c.h; path = ReviewTableViewController.h; sourceTree = "<group>"; };
		3FEFE8B51A2653D800ACFBF4 /* ReviewTableViewController.m */ = {isa = PBXFileReference; fileEncoding = 4; lastKnownFileType = sourcecode.c.objc; path = ReviewTableViewController.m; sourceTree = "<group>"; };
		3FEFE8B61A2653D800ACFBF4 /* SigninTableViewController.h */ = {isa = PBXFileReference; fileEncoding = 4; lastKnownFileType = sourcecode.c.h; path = SigninTableViewController.h; sourceTree = "<group>"; };
		3FEFE8B71A2653D800ACFBF4 /* SigninTableViewController.m */ = {isa = PBXFileReference; fileEncoding = 4; lastKnownFileType = sourcecode.c.objc; path = SigninTableViewController.m; sourceTree = "<group>"; };
		3FEFE8B81A2653D800ACFBF4 /* SingupTableViewController.h */ = {isa = PBXFileReference; fileEncoding = 4; lastKnownFileType = sourcecode.c.h; path = SingupTableViewController.h; sourceTree = "<group>"; };
		3FEFE8B91A2653D800ACFBF4 /* SingupTableViewController.m */ = {isa = PBXFileReference; fileEncoding = 4; lastKnownFileType = sourcecode.c.objc; path = SingupTableViewController.m; sourceTree = "<group>"; };
		3FEFE8BA1A2653D800ACFBF4 /* UserTableViewController.h */ = {isa = PBXFileReference; fileEncoding = 4; lastKnownFileType = sourcecode.c.h; path = UserTableViewController.h; sourceTree = "<group>"; };
		3FEFE8BB1A2653D800ACFBF4 /* UserTableViewController.m */ = {isa = PBXFileReference; fileEncoding = 4; lastKnownFileType = sourcecode.c.objc; path = UserTableViewController.m; sourceTree = "<group>"; };
		4D058735866C97C43EAAB913 /* Pods.debug.xcconfig */ = {isa = PBXFileReference; includeInIndex = 1; lastKnownFileType = text.xcconfig; name = Pods.debug.xcconfig; path = "Pods/Target Support Files/Pods/Pods.debug.xcconfig"; sourceTree = "<group>"; };
		BB87E38CF3CD153433BE822D /* Pods.release.xcconfig */ = {isa = PBXFileReference; includeInIndex = 1; lastKnownFileType = text.xcconfig; name = Pods.release.xcconfig; path = "Pods/Target Support Files/Pods/Pods.release.xcconfig"; sourceTree = "<group>"; };
		C810A83B782BC8429241E84B /* libPods.a */ = {isa = PBXFileReference; explicitFileType = archive.ar; includeInIndex = 0; path = libPods.a; sourceTree = BUILT_PRODUCTS_DIR; };
/* End PBXFileReference section */

/* Begin PBXFrameworksBuildPhase section */
		3FEFE8701A2650BC00ACFBF4 /* Frameworks */ = {
			isa = PBXFrameworksBuildPhase;
			buildActionMask = 2147483647;
			files = (
				4F04DC11C3B9640AA9317D51 /* libPods.a in Frameworks */,
				3FB410721A31684F00CF1963 /* libSocialWechat.a in Frameworks */,
				3FB410731A31684F00CF1963 /* libWeChatSDK.a in Frameworks */,
				3FB410611A31658A00CF1963 /* libUMSocial_Sdk_4.2.1.a in Frameworks */,
			);
			runOnlyForDeploymentPostprocessing = 0;
		};
		3FEFE8891A2650BD00ACFBF4 /* Frameworks */ = {
			isa = PBXFrameworksBuildPhase;
			buildActionMask = 2147483647;
			files = (
			);
			runOnlyForDeploymentPostprocessing = 0;
		};
/* End PBXFrameworksBuildPhase section */

/* Begin PBXGroup section */
		3FB410451A31658A00CF1963 /* UMSocial_Sdk_4.2.1 */ = {
			isa = PBXGroup;
			children = (
				3FB4106B1A31684100CF1963 /* frameworks */,
				3FB410461A31658A00CF1963 /* UMSocialLocalizable.strings */,
				3FB410481A31658A00CF1963 /* Header */,
				3FB410541A31658A00CF1963 /* libUMSocial_Sdk_4.2.1.a */,
				3FB410551A31658A00CF1963 /* SocialSDKXib */,
				3FB4105E1A31658A00CF1963 /* UMSocialSDKResourcesNew.bundle */,
			);
			path = UMSocial_Sdk_4.2.1;
			sourceTree = "<group>";
		};
		3FB410481A31658A00CF1963 /* Header */ = {
			isa = PBXGroup;
			children = (
				3FB410491A31658A00CF1963 /* UMSocial.h */,
				3FB4104A1A31658A00CF1963 /* UMSocialAccountManager.h */,
				3FB4104B1A31658A00CF1963 /* UMSocialBar.h */,
				3FB4104C1A31658A00CF1963 /* UMSocialConfig.h */,
				3FB4104D1A31658A00CF1963 /* UMSocialControllerService.h */,
				3FB4104E1A31658A00CF1963 /* UMSocialControllerServiceComment.h */,
				3FB4104F1A31658A00CF1963 /* UMSocialData.h */,
				3FB410501A31658A00CF1963 /* UMSocialDataService.h */,
				3FB410511A31658A00CF1963 /* UMSocialSnsData.h */,
				3FB410521A31658A00CF1963 /* UMSocialSnsPlatformManager.h */,
				3FB410531A31658A00CF1963 /* UMSocialSnsService.h */,
			);
			path = Header;
			sourceTree = "<group>";
		};
		3FB410551A31658A00CF1963 /* SocialSDKXib */ = {
			isa = PBXGroup;
			children = (
				3FB410561A31658A00CF1963 /* UMSCommentDetailController.xib */,
				3FB410571A31658A00CF1963 /* UMSCommentInputController.xib */,
				3FB410581A31658A00CF1963 /* UMSCommentInputControlleriPad.xib */,
				3FB410591A31658A00CF1963 /* UMShareEditViewController.xib */,
				3FB4105A1A31658A00CF1963 /* UMShareEditViewControlleriPad.xib */,
				3FB4105B1A31658A00CF1963 /* UMSLoginViewController.xib */,
				3FB4105C1A31658A00CF1963 /* UMSnsAccountViewController.xib */,
				3FB4105D1A31658A00CF1963 /* UMSShareListController.xib */,
			);
			path = SocialSDKXib;
			sourceTree = "<group>";
		};
		3FB4106B1A31684100CF1963 /* frameworks */ = {
			isa = PBXGroup;
			children = (
				3FB4106C1A31684F00CF1963 /* Wechat */,
			);
			name = frameworks;
			sourceTree = "<group>";
		};
		3FB4106C1A31684F00CF1963 /* Wechat */ = {
			isa = PBXGroup;
			children = (
				3FB4106D1A31684F00CF1963 /* libSocialWechat.a */,
				3FB4106E1A31684F00CF1963 /* libWeChatSDK.a */,
				3FB4106F1A31684F00CF1963 /* UMSocialWechatHandler.h */,
				3FB410701A31684F00CF1963 /* WXApi.h */,
				3FB410711A31684F00CF1963 /* WXApiObject.h */,
			);
			path = Wechat;
			sourceTree = "<group>";
		};
		3FCDD1D91A34F19100315137 /* Vertical selector */ = {
			isa = PBXGroup;
			children = (
				3FCDD1D31A34EA9300315137 /* SelectorScrollView.h */,
				3FCDD1D41A34EA9300315137 /* SelectorScrollView.m */,
				3FCDD1D61A34F17B00315137 /* PointerView.h */,
				3FCDD1D71A34F17B00315137 /* PointerView.m */,
			);
			name = "Vertical selector";
			sourceTree = "<group>";
		};
		3FCDD1DA1A34F1E300315137 /* View controller */ = {
			isa = PBXGroup;
			children = (
				3FEFE8A61A2653D800ACFBF4 /* HomeViewController.h */,
				3FEFE8A71A2653D800ACFBF4 /* HomeViewController.m */,
				3FEFE89E1A2653D800ACFBF4 /* AboutTableViewController.h */,
				3FEFE89F1A2653D800ACFBF4 /* AboutTableViewController.m */,
				3FEFE8B41A2653D800ACFBF4 /* ReviewTableViewController.h */,
				3FEFE8B51A2653D800ACFBF4 /* ReviewTableViewController.m */,
				3FEFE8AC1A2653D800ACFBF4 /* MapViewController.h */,
				3FEFE8AD1A2653D800ACFBF4 /* MapViewController.m */,
				3FEFE8B61A2653D800ACFBF4 /* SigninTableViewController.h */,
				3FEFE8B71A2653D800ACFBF4 /* SigninTableViewController.m */,
				3FEFE8B81A2653D800ACFBF4 /* SingupTableViewController.h */,
				3FEFE8B91A2653D800ACFBF4 /* SingupTableViewController.m */,
				3FEFE8BA1A2653D800ACFBF4 /* UserTableViewController.h */,
				3FEFE8BB1A2653D800ACFBF4 /* UserTableViewController.m */,
				3FEFE8A21A2653D800ACFBF4 /* DetailViewController.h */,
				3FEFE8A31A2653D800ACFBF4 /* DetailViewController.m */,
				3F2F67881A37DF67003F9D21 /* ImagePickerController.h */,
				3F2F67891A37DF67003F9D21 /* ImagePickerController.m */,
				3FEFE8B01A2653D800ACFBF4 /* NavigationViewController.h */,
				3FEFE8B11A2653D800ACFBF4 /* NavigationViewController.m */,
			);
			name = "View controller";
			sourceTree = "<group>";
		};
		3FEFE86A1A2650BC00ACFBF4 = {
			isa = PBXGroup;
			children = (
				3FEFE8751A2650BD00ACFBF4 /* Xunwei */,
				3FEFE88F1A2650BD00ACFBF4 /* XunweiTests */,
				3FEFE8741A2650BD00ACFBF4 /* Products */,
				B1173D5C655815812413110E /* Pods */,
				5484F4C8DD0CDEF992D4D66B /* Frameworks */,
			);
			sourceTree = "<group>";
		};
		3FEFE8741A2650BD00ACFBF4 /* Products */ = {
			isa = PBXGroup;
			children = (
				3FEFE8731A2650BD00ACFBF4 /* Xunwei.app */,
				3FEFE88C1A2650BD00ACFBF4 /* XunweiTests.xctest */,
			);
			name = Products;
			sourceTree = "<group>";
		};
		3FEFE8751A2650BD00ACFBF4 /* Xunwei */ = {
			isa = PBXGroup;
			children = (
				3FB410451A31658A00CF1963 /* UMSocial_Sdk_4.2.1 */,
				3FEFE87A1A2650BD00ACFBF4 /* AppDelegate.h */,
				3FEFE87B1A2650BD00ACFBF4 /* AppDelegate.m */,
				3FCDD1DA1A34F1E300315137 /* View controller */,
				3FEFE8A01A2653D800ACFBF4 /* AlertView.h */,
				3FEFE8A11A2653D800ACFBF4 /* AlertView.m */,
				3FEFE8AA1A2653D800ACFBF4 /* ListItemView.h */,
				3FEFE8AB1A2653D800ACFBF4 /* ListItemView.m */,
				3FEFE8AE1A2653D800ACFBF4 /* MarkerAnnotation.h */,
				3FEFE8AF1A2653D800ACFBF4 /* MarkerAnnotation.m */,
				3FCDD1D91A34F19100315137 /* Vertical selector */,
				3FEFE8B21A2653D800ACFBF4 /* PanelViewOnMap.h */,
				3FEFE8B31A2653D800ACFBF4 /* PanelViewOnMap.m */,
				3FEFE8801A2650BD00ACFBF4 /* Main.storyboard */,
				3FEFE8831A2650BD00ACFBF4 /* Images.xcassets */,
				3FEFE8A41A2653D800ACFBF4 /* GetRestaurants.h */,
				3FEFE8A51A2653D800ACFBF4 /* GetRestaurants.m */,
				3FEFE8A81A2653D800ACFBF4 /* JSFavStarControl.h */,
				3FEFE8A91A2653D800ACFBF4 /* JSFavStarControl.m */,
				3FEFE8851A2650BD00ACFBF4 /* LaunchScreen.xib */,
				3FEFE8761A2650BD00ACFBF4 /* Supporting Files */,
			);
			path = Xunwei;
			sourceTree = "<group>";
		};
		3FEFE8761A2650BD00ACFBF4 /* Supporting Files */ = {
			isa = PBXGroup;
			children = (
				3FEFE89C1A2652AE00ACFBF4 /* XinGothic.ttf */,
				3FEFE8771A2650BD00ACFBF4 /* Info.plist */,
				3FEFE8781A2650BD00ACFBF4 /* main.m */,
			);
			name = "Supporting Files";
			sourceTree = "<group>";
		};
		3FEFE88F1A2650BD00ACFBF4 /* XunweiTests */ = {
			isa = PBXGroup;
			children = (
				3FEFE8921A2650BD00ACFBF4 /* XunweiTests.m */,
				3FEFE8901A2650BD00ACFBF4 /* Supporting Files */,
			);
			path = XunweiTests;
			sourceTree = "<group>";
		};
		3FEFE8901A2650BD00ACFBF4 /* Supporting Files */ = {
			isa = PBXGroup;
			children = (
				3FEFE8911A2650BD00ACFBF4 /* Info.plist */,
			);
			name = "Supporting Files";
			sourceTree = "<group>";
		};
		5484F4C8DD0CDEF992D4D66B /* Frameworks */ = {
			isa = PBXGroup;
			children = (
				3F8BE7E81A31627A009204AB /* libz.dylib */,
				C810A83B782BC8429241E84B /* libPods.a */,
			);
			name = Frameworks;
			sourceTree = "<group>";
		};
		B1173D5C655815812413110E /* Pods */ = {
			isa = PBXGroup;
			children = (
				4D058735866C97C43EAAB913 /* Pods.debug.xcconfig */,
				BB87E38CF3CD153433BE822D /* Pods.release.xcconfig */,
			);
			name = Pods;
			sourceTree = "<group>";
		};
/* End PBXGroup section */

/* Begin PBXNativeTarget section */
		3FEFE8721A2650BC00ACFBF4 /* Xunwei */ = {
			isa = PBXNativeTarget;
			buildConfigurationList = 3FEFE8961A2650BD00ACFBF4 /* Build configuration list for PBXNativeTarget "Xunwei" */;
			buildPhases = (
				ADD95016065EBC659F96C2FB /* Check Pods Manifest.lock */,
				3FEFE86F1A2650BC00ACFBF4 /* Sources */,
				3FEFE8701A2650BC00ACFBF4 /* Frameworks */,
				3FEFE8711A2650BC00ACFBF4 /* Resources */,
				B436AFD984DB9FE264DBC34C /* Copy Pods Resources */,
			);
			buildRules = (
			);
			dependencies = (
			);
			name = Xunwei;
			productName = Xunwei;
			productReference = 3FEFE8731A2650BD00ACFBF4 /* Xunwei.app */;
			productType = "com.apple.product-type.application";
		};
		3FEFE88B1A2650BD00ACFBF4 /* XunweiTests */ = {
			isa = PBXNativeTarget;
			buildConfigurationList = 3FEFE8991A2650BD00ACFBF4 /* Build configuration list for PBXNativeTarget "XunweiTests" */;
			buildPhases = (
				3FEFE8881A2650BD00ACFBF4 /* Sources */,
				3FEFE8891A2650BD00ACFBF4 /* Frameworks */,
				3FEFE88A1A2650BD00ACFBF4 /* Resources */,
			);
			buildRules = (
			);
			dependencies = (
				3FEFE88E1A2650BD00ACFBF4 /* PBXTargetDependency */,
			);
			name = XunweiTests;
			productName = XunweiTests;
			productReference = 3FEFE88C1A2650BD00ACFBF4 /* XunweiTests.xctest */;
			productType = "com.apple.product-type.bundle.unit-test";
		};
/* End PBXNativeTarget section */

/* Begin PBXProject section */
		3FEFE86B1A2650BC00ACFBF4 /* Project object */ = {
			isa = PBXProject;
			attributes = {
				LastUpgradeCheck = 0610;
				ORGANIZATIONNAME = "Hao Liu";
				TargetAttributes = {
					3FEFE8721A2650BC00ACFBF4 = {
						CreatedOnToolsVersion = 6.1;
					};
					3FEFE88B1A2650BD00ACFBF4 = {
						CreatedOnToolsVersion = 6.1;
						TestTargetID = 3FEFE8721A2650BC00ACFBF4;
					};
				};
			};
			buildConfigurationList = 3FEFE86E1A2650BC00ACFBF4 /* Build configuration list for PBXProject "Xunwei" */;
			compatibilityVersion = "Xcode 3.2";
			developmentRegion = English;
			hasScannedForEncodings = 0;
			knownRegions = (
				en,
				Base,
				"zh-Hans",
			);
			mainGroup = 3FEFE86A1A2650BC00ACFBF4;
			productRefGroup = 3FEFE8741A2650BD00ACFBF4 /* Products */;
			projectDirPath = "";
			projectRoot = "";
			targets = (
				3FEFE8721A2650BC00ACFBF4 /* Xunwei */,
				3FEFE88B1A2650BD00ACFBF4 /* XunweiTests */,
			);
		};
/* End PBXProject section */

/* Begin PBXResourcesBuildPhase section */
		3FEFE8711A2650BC00ACFBF4 /* Resources */ = {
			isa = PBXResourcesBuildPhase;
			buildActionMask = 2147483647;
			files = (
				3FB410661A31658A00CF1963 /* UMShareEditViewControlleriPad.xib in Resources */,
				3FB410681A31658A00CF1963 /* UMSnsAccountViewController.xib in Resources */,
				3FB410631A31658A00CF1963 /* UMSCommentInputController.xib in Resources */,
				3FB410621A31658A00CF1963 /* UMSCommentDetailController.xib in Resources */,
				3FEFE8821A2650BD00ACFBF4 /* Main.storyboard in Resources */,
				3FEFE8871A2650BD00ACFBF4 /* LaunchScreen.xib in Resources */,
				3FB4106A1A31658A00CF1963 /* UMSocialSDKResourcesNew.bundle in Resources */,
				3FB410641A31658A00CF1963 /* UMSCommentInputControlleriPad.xib in Resources */,
				3FB410651A31658A00CF1963 /* UMShareEditViewController.xib in Resources */,
				3FB410691A31658A00CF1963 /* UMSShareListController.xib in Resources */,
				3FB410601A31658A00CF1963 /* UMSocialLocalizable.strings in Resources */,
				3FEFE89D1A2652AE00ACFBF4 /* XinGothic.ttf in Resources */,
				3FEFE8841A2650BD00ACFBF4 /* Images.xcassets in Resources */,
				3FB410671A31658A00CF1963 /* UMSLoginViewController.xib in Resources */,
			);
			runOnlyForDeploymentPostprocessing = 0;
		};
		3FEFE88A1A2650BD00ACFBF4 /* Resources */ = {
			isa = PBXResourcesBuildPhase;
			buildActionMask = 2147483647;
			files = (
			);
			runOnlyForDeploymentPostprocessing = 0;
		};
/* End PBXResourcesBuildPhase section */

/* Begin PBXShellScriptBuildPhase section */
		ADD95016065EBC659F96C2FB /* Check Pods Manifest.lock */ = {
			isa = PBXShellScriptBuildPhase;
			buildActionMask = 2147483647;
			files = (
			);
			inputPaths = (
			);
			name = "Check Pods Manifest.lock";
			outputPaths = (
			);
			runOnlyForDeploymentPostprocessing = 0;
			shellPath = /bin/sh;
			shellScript = "diff \"${PODS_ROOT}/../Podfile.lock\" \"${PODS_ROOT}/Manifest.lock\" > /dev/null\nif [[ $? != 0 ]] ; then\n    cat << EOM\nerror: The sandbox is not in sync with the Podfile.lock. Run 'pod install' or update your CocoaPods installation.\nEOM\n    exit 1\nfi\n";
			showEnvVarsInLog = 0;
		};
		B436AFD984DB9FE264DBC34C /* Copy Pods Resources */ = {
			isa = PBXShellScriptBuildPhase;
			buildActionMask = 2147483647;
			files = (
			);
			inputPaths = (
			);
			name = "Copy Pods Resources";
			outputPaths = (
			);
			runOnlyForDeploymentPostprocessing = 0;
			shellPath = /bin/sh;
			shellScript = "\"${SRCROOT}/Pods/Target Support Files/Pods/Pods-resources.sh\"\n";
			showEnvVarsInLog = 0;
		};
/* End PBXShellScriptBuildPhase section */

/* Begin PBXSourcesBuildPhase section */
		3FEFE86F1A2650BC00ACFBF4 /* Sources */ = {
			isa = PBXSourcesBuildPhase;
			buildActionMask = 2147483647;
			files = (
				3FEFE8C81A2653D800ACFBF4 /* SigninTableViewController.m in Sources */,
				3FEFE8BE1A2653D800ACFBF4 /* DetailViewController.m in Sources */,
				3FEFE8BF1A2653D800ACFBF4 /* GetRestaurants.m in Sources */,
				3FEFE8C91A2653D800ACFBF4 /* SingupTableViewController.m in Sources */,
				3FEFE8C11A2653D800ACFBF4 /* JSFavStarControl.m in Sources */,
				3FEFE87C1A2650BD00ACFBF4 /* AppDelegate.m in Sources */,
				3FEFE8BD1A2653D800ACFBF4 /* AlertView.m in Sources */,
				3F2F678A1A37DF67003F9D21 /* ImagePickerController.m in Sources */,
				3FEFE8C21A2653D800ACFBF4 /* ListItemView.m in Sources */,
				3FEFE8C41A2653D800ACFBF4 /* MarkerAnnotation.m in Sources */,
				3FEFE8C61A2653D800ACFBF4 /* PanelViewOnMap.m in Sources */,
				3FEFE8BC1A2653D800ACFBF4 /* AboutTableViewController.m in Sources */,
				3FEFE8C71A2653D800ACFBF4 /* ReviewTableViewController.m in Sources */,
				3FEFE8C51A2653D800ACFBF4 /* NavigationViewController.m in Sources */,
				3FEFE8C31A2653D800ACFBF4 /* MapViewController.m in Sources */,
				3FEFE8C01A2653D800ACFBF4 /* HomeViewController.m in Sources */,
				3FEFE8791A2650BD00ACFBF4 /* main.m in Sources */,
				3FCDD1D51A34EA9300315137 /* SelectorScrollView.m in Sources */,
				3FCDD1D81A34F17B00315137 /* PointerView.m in Sources */,
				3FEFE8CA1A2653D800ACFBF4 /* UserTableViewController.m in Sources */,
			);
			runOnlyForDeploymentPostprocessing = 0;
		};
		3FEFE8881A2650BD00ACFBF4 /* Sources */ = {
			isa = PBXSourcesBuildPhase;
			buildActionMask = 2147483647;
			files = (
				3FEFE8931A2650BD00ACFBF4 /* XunweiTests.m in Sources */,
			);
			runOnlyForDeploymentPostprocessing = 0;
		};
/* End PBXSourcesBuildPhase section */

/* Begin PBXTargetDependency section */
		3FEFE88E1A2650BD00ACFBF4 /* PBXTargetDependency */ = {
			isa = PBXTargetDependency;
			target = 3FEFE8721A2650BC00ACFBF4 /* Xunwei */;
			targetProxy = 3FEFE88D1A2650BD00ACFBF4 /* PBXContainerItemProxy */;
		};
/* End PBXTargetDependency section */

/* Begin PBXVariantGroup section */
		3FB410461A31658A00CF1963 /* UMSocialLocalizable.strings */ = {
			isa = PBXVariantGroup;
			children = (
				3FB410471A31658A00CF1963 /* en */,
				3FB4105F1A31658A00CF1963 /* zh-Hans */,
			);
			name = UMSocialLocalizable.strings;
			sourceTree = "<group>";
		};
		3FEFE8801A2650BD00ACFBF4 /* Main.storyboard */ = {
			isa = PBXVariantGroup;
			children = (
				3FEFE8811A2650BD00ACFBF4 /* Base */,
			);
			name = Main.storyboard;
			sourceTree = "<group>";
		};
		3FEFE8851A2650BD00ACFBF4 /* LaunchScreen.xib */ = {
			isa = PBXVariantGroup;
			children = (
				3FEFE8861A2650BD00ACFBF4 /* Base */,
			);
			name = LaunchScreen.xib;
			sourceTree = "<group>";
		};
/* End PBXVariantGroup section */

/* Begin XCBuildConfiguration section */
		3FEFE8941A2650BD00ACFBF4 /* Debug */ = {
			isa = XCBuildConfiguration;
			buildSettings = {
				ALWAYS_SEARCH_USER_PATHS = NO;
				CLANG_CXX_LANGUAGE_STANDARD = "gnu++0x";
				CLANG_CXX_LIBRARY = "libc++";
				CLANG_ENABLE_MODULES = YES;
				CLANG_ENABLE_OBJC_ARC = YES;
				CLANG_WARN_BOOL_CONVERSION = YES;
				CLANG_WARN_CONSTANT_CONVERSION = YES;
				CLANG_WARN_DIRECT_OBJC_ISA_USAGE = YES_ERROR;
				CLANG_WARN_EMPTY_BODY = YES;
				CLANG_WARN_ENUM_CONVERSION = YES;
				CLANG_WARN_INT_CONVERSION = YES;
				CLANG_WARN_OBJC_ROOT_CLASS = YES_ERROR;
				CLANG_WARN_UNREACHABLE_CODE = YES;
				CLANG_WARN__DUPLICATE_METHOD_MATCH = YES;
				"CODE_SIGN_IDENTITY[sdk=iphoneos*]" = "iPhone Developer";
				COPY_PHASE_STRIP = NO;
				ENABLE_STRICT_OBJC_MSGSEND = YES;
				GCC_C_LANGUAGE_STANDARD = gnu99;
				GCC_DYNAMIC_NO_PIC = NO;
				GCC_OPTIMIZATION_LEVEL = 0;
				GCC_PREPROCESSOR_DEFINITIONS = (
					"DEBUG=1",
					"$(inherited)",
				);
				GCC_SYMBOLS_PRIVATE_EXTERN = NO;
				GCC_WARN_64_TO_32_BIT_CONVERSION = YES;
				GCC_WARN_ABOUT_RETURN_TYPE = YES_ERROR;
				GCC_WARN_UNDECLARED_SELECTOR = YES;
				GCC_WARN_UNINITIALIZED_AUTOS = YES_AGGRESSIVE;
				GCC_WARN_UNUSED_FUNCTION = YES;
				GCC_WARN_UNUSED_VARIABLE = YES;
				IPHONEOS_DEPLOYMENT_TARGET = 8.1;
				MTL_ENABLE_DEBUG_INFO = YES;
				ONLY_ACTIVE_ARCH = YES;
				SDKROOT = iphoneos;
			};
			name = Debug;
		};
		3FEFE8951A2650BD00ACFBF4 /* Release */ = {
			isa = XCBuildConfiguration;
			buildSettings = {
				ALWAYS_SEARCH_USER_PATHS = NO;
				CLANG_CXX_LANGUAGE_STANDARD = "gnu++0x";
				CLANG_CXX_LIBRARY = "libc++";
				CLANG_ENABLE_MODULES = YES;
				CLANG_ENABLE_OBJC_ARC = YES;
				CLANG_WARN_BOOL_CONVERSION = YES;
				CLANG_WARN_CONSTANT_CONVERSION = YES;
				CLANG_WARN_DIRECT_OBJC_ISA_USAGE = YES_ERROR;
				CLANG_WARN_EMPTY_BODY = YES;
				CLANG_WARN_ENUM_CONVERSION = YES;
				CLANG_WARN_INT_CONVERSION = YES;
				CLANG_WARN_OBJC_ROOT_CLASS = YES_ERROR;
				CLANG_WARN_UNREACHABLE_CODE = YES;
				CLANG_WARN__DUPLICATE_METHOD_MATCH = YES;
				"CODE_SIGN_IDENTITY[sdk=iphoneos*]" = "iPhone Developer";
				COPY_PHASE_STRIP = YES;
				ENABLE_NS_ASSERTIONS = NO;
				ENABLE_STRICT_OBJC_MSGSEND = YES;
				GCC_C_LANGUAGE_STANDARD = gnu99;
				GCC_WARN_64_TO_32_BIT_CONVERSION = YES;
				GCC_WARN_ABOUT_RETURN_TYPE = YES_ERROR;
				GCC_WARN_UNDECLARED_SELECTOR = YES;
				GCC_WARN_UNINITIALIZED_AUTOS = YES_AGGRESSIVE;
				GCC_WARN_UNUSED_FUNCTION = YES;
				GCC_WARN_UNUSED_VARIABLE = YES;
				IPHONEOS_DEPLOYMENT_TARGET = 8.1;
				MTL_ENABLE_DEBUG_INFO = NO;
				SDKROOT = iphoneos;
				VALIDATE_PRODUCT = YES;
			};
			name = Release;
		};
		3FEFE8971A2650BD00ACFBF4 /* Debug */ = {
			isa = XCBuildConfiguration;
			baseConfigurationReference = 4D058735866C97C43EAAB913 /* Pods.debug.xcconfig */;
			buildSettings = {
				ASSETCATALOG_COMPILER_APPICON_NAME = AppIcon;
				ASSETCATALOG_COMPILER_LAUNCHIMAGE_NAME = LaunchImage;
				INFOPLIST_FILE = Xunwei/Info.plist;
				IPHONEOS_DEPLOYMENT_TARGET = 7.0;
				LD_RUNPATH_SEARCH_PATHS = "$(inherited) @executable_path/Frameworks";
				LIBRARY_SEARCH_PATHS = (
					"$(inherited)",
					"$(PROJECT_DIR)/Xunwei",
					"$(PROJECT_DIR)/Xunwei/UMSocial_Sdk_4.2.1",
					"$(PROJECT_DIR)/Xunwei/UMSocial_Sdk_4.2.1/Wechat",
				);
				PRODUCT_NAME = "$(TARGET_NAME)";
			};
			name = Debug;
		};
		3FEFE8981A2650BD00ACFBF4 /* Release */ = {
			isa = XCBuildConfiguration;
			baseConfigurationReference = BB87E38CF3CD153433BE822D /* Pods.release.xcconfig */;
			buildSettings = {
				ASSETCATALOG_COMPILER_APPICON_NAME = AppIcon;
				ASSETCATALOG_COMPILER_LAUNCHIMAGE_NAME = LaunchImage;
				INFOPLIST_FILE = Xunwei/Info.plist;
				IPHONEOS_DEPLOYMENT_TARGET = 7.0;
				LD_RUNPATH_SEARCH_PATHS = "$(inherited) @executable_path/Frameworks";
				LIBRARY_SEARCH_PATHS = (
					"$(inherited)",
					"$(PROJECT_DIR)/Xunwei",
					"$(PROJECT_DIR)/Xunwei/UMSocial_Sdk_4.2.1",
					"$(PROJECT_DIR)/Xunwei/UMSocial_Sdk_4.2.1/Wechat",
				);
				PRODUCT_NAME = "$(TARGET_NAME)";
			};
			name = Release;
		};
		3FEFE89A1A2650BD00ACFBF4 /* Debug */ = {
			isa = XCBuildConfiguration;
			buildSettings = {
				BUNDLE_LOADER = "$(TEST_HOST)";
				FRAMEWORK_SEARCH_PATHS = (
					"$(SDKROOT)/Developer/Library/Frameworks",
					"$(inherited)",
				);
				GCC_PREPROCESSOR_DEFINITIONS = (
					"DEBUG=1",
					"$(inherited)",
				);
				INFOPLIST_FILE = XunweiTests/Info.plist;
				LD_RUNPATH_SEARCH_PATHS = "$(inherited) @executable_path/Frameworks @loader_path/Frameworks";
				PRODUCT_NAME = "$(TARGET_NAME)";
				TEST_HOST = "$(BUILT_PRODUCTS_DIR)/Xunwei.app/Xunwei";
			};
			name = Debug;
		};
		3FEFE89B1A2650BD00ACFBF4 /* Release */ = {
			isa = XCBuildConfiguration;
			buildSettings = {
				BUNDLE_LOADER = "$(TEST_HOST)";
				FRAMEWORK_SEARCH_PATHS = (
					"$(SDKROOT)/Developer/Library/Frameworks",
					"$(inherited)",
				);
				INFOPLIST_FILE = XunweiTests/Info.plist;
				LD_RUNPATH_SEARCH_PATHS = "$(inherited) @executable_path/Frameworks @loader_path/Frameworks";
				PRODUCT_NAME = "$(TARGET_NAME)";
				TEST_HOST = "$(BUILT_PRODUCTS_DIR)/Xunwei.app/Xunwei";
			};
			name = Release;
		};
/* End XCBuildConfiguration section */

/* Begin XCConfigurationList section */
		3FEFE86E1A2650BC00ACFBF4 /* Build configuration list for PBXProject "Xunwei" */ = {
			isa = XCConfigurationList;
			buildConfigurations = (
				3FEFE8941A2650BD00ACFBF4 /* Debug */,
				3FEFE8951A2650BD00ACFBF4 /* Release */,
			);
			defaultConfigurationIsVisible = 0;
			defaultConfigurationName = Release;
		};
		3FEFE8961A2650BD00ACFBF4 /* Build configuration list for PBXNativeTarget "Xunwei" */ = {
			isa = XCConfigurationList;
			buildConfigurations = (
				3FEFE8971A2650BD00ACFBF4 /* Debug */,
				3FEFE8981A2650BD00ACFBF4 /* Release */,
			);
			defaultConfigurationIsVisible = 0;
			defaultConfigurationName = Release;
		};
		3FEFE8991A2650BD00ACFBF4 /* Build configuration list for PBXNativeTarget "XunweiTests" */ = {
			isa = XCConfigurationList;
			buildConfigurations = (
				3FEFE89A1A2650BD00ACFBF4 /* Debug */,
				3FEFE89B1A2650BD00ACFBF4 /* Release */,
			);
			defaultConfigurationIsVisible = 0;
			defaultConfigurationName = Release;
		};
/* End XCConfigurationList section */
	};
	rootObject = 3FEFE86B1A2650BC00ACFBF4 /* Project object */;
}
